
Microsoft Visual Studio Solution File, Format Version 12.00
# Visual Studio 14
VisualStudioVersion = 14.0.25420.1
MinimumVisualStudioVersion = 10.0.40219.1
Project("{FAE04EC0-301F-11D3-BF4B-00C04F79EFBC}") = "Quiron.LojaVirtual.Dominio", "Quiron.LojaVirtual.Dominio\Quiron.LojaVirtual.Dominio.csproj", "{D3589FA4-FAA1-40E0-B4FA-F6ADC6F91129}"
EndProject
Project("{FAE04EC0-301F-11D3-BF4B-00C04F79EFBC}") = "Quiron.LojaVirtual.Web", "Quiron.LojaVirtual.Web\Quiron.LojaVirtual.Web.csproj", "{F1A67551-93F4-48B4-A6A8-608269637827}"
EndProject
Project("{FAE04EC0-301F-11D3-BF4B-00C04F79EFBC}") = "Quiron.LojaVirtual.unitTest", "Quiron.LojaVirtual.unitTest\Quiron.LojaVirtual.unitTest.csproj", "{FDC5C664-C332-41A0-9F92-3A5F6388B714}"
EndProject
Global
	GlobalSection(SolutionConfigurationPlatforms) = preSolution
		Debug|Any CPU = Debug|Any CPU
		Release|Any CPU = Release|Any CPU
	EndGlobalSection
	GlobalSection(ProjectConfigurationPlatforms) = postSolution
		{D3589FA4-FAA1-40E0-B4FA-F6ADC6F91129}.Debug|Any CPU.ActiveCfg = Debug|Any CPU
		{D3589FA4-FAA1-40E0-B4FA-F6ADC6F91129}.Debug|Any CPU.Build.0 = Debug|Any CPU
		{D3589FA4-FAA1-40E0-B4FA-F6ADC6F91129}.Release|Any CPU.ActiveCfg = Release|Any CPU
		{D3589FA4-FAA1-40E0-B4FA-F6ADC6F91129}.Release|Any CPU.Build.0 = Release|Any CPU
		{F1A67551-93F4-48B4-A6A8-608269637827}.Debug|Any CPU.ActiveCfg = Debug|Any CPU
		{F1A67551-93F4-48B4-A6A8-608269637827}.Debug|Any CPU.Build.0 = Debug|Any CPU
		{F1A67551-93F4-48B4-A6A8-608269637827}.Release|Any CPU.ActiveCfg = Release|Any CPU
		{F1A67551-93F4-48B4-A6A8-608269637827}.Release|Any CPU.Build.0 = Release|Any CPU
		{FDC5C664-C332-41A0-9F92-3A5F6388B714}.Debug|Any CPU.ActiveCfg = Debug|Any CPU
		{FDC5C664-C332-41A0-9F92-3A5F6388B714}.Debug|Any CPU.Build.0 = Debug|Any CPU
		{FDC5C664-C332-41A0-9F92-3A5F6388B714}.Release|Any CPU.ActiveCfg = Release|Any CPU
		{FDC5C664-C332-41A0-9F92-3A5F6388B714}.Release|Any CPU.Build.0 = Release|Any CPU
	EndGlobalSection
	GlobalSection(SolutionProperties) = preSolution
		HideSolutionNode = FALSE
	EndGlobalSection
EndGlobal
